
Microsoft Visual Studio Solution File, Format Version 12.00
# Visual Studio 15
VisualStudioVersion = 15.0.27703.2026
MinimumVisualStudioVersion = 10.0.40219.1
Project("{9A19103F-16F7-4668-BE54-9A1E7A4F7556}") = "Extensions.Logging.NUnit", "Extensions.Logging.NUnit.csproj", "{7774BE81-B3BE-455E-9D98-296DF7199668}"
EndProject
Global
	GlobalSection(SolutionConfigurationPlatforms) = preSolution
		Debug|Any CPU = Debug|Any CPU
		Release|Any CPU = Release|Any CPU
	EndGlobalSection
	GlobalSection(ProjectConfigurationPlatforms) = postSolution
		{7774BE81-B3BE-455E-9D98-296DF7199668}.Debug|Any CPU.ActiveCfg = Debug|Any CPU
		{7774BE81-B3BE-455E-9D98-296DF7199668}.Debug|Any CPU.Build.0 = Debug|Any CPU
		{7774BE81-B3BE-455E-9D98-296DF7199668}.Release|Any CPU.ActiveCfg = Release|Any CPU
		{7774BE81-B3BE-455E-9D98-296DF7199668}.Release|Any CPU.Build.0 = Release|Any CPU
	EndGlobalSection
	GlobalSection(SolutionProperties) = preSolution
		HideSolutionNode = FALSE
	EndGlobalSection
	GlobalSection(ExtensibilityGlobals) = postSolution
		SolutionGuid = {8F4BCEF6-432C-44CF-8830-347415695185}
	EndGlobalSection
EndGlobal
